# THIS IS AN AUTOGENERATED FILE. DO NOT EDIT THIS FILE DIRECTLY.
# yarn lockfile v1


"@esbuild/android-arm64@0.16.6":
  version "0.16.6"
  resolved "https://registry.yarnpkg.com/@esbuild/android-arm64/-/android-arm64-0.16.6.tgz#670061e921b2ef56adfa04ed66013e892136ec58"
  integrity sha512-5mSVUNQoEpnvWBgMnEKlHGjrK/3kqRoj+YkErK+RbKMlxCGzzkqh+vSGY0pq+RCobAXs0BlBQMQ+8ZutAkyStw==

"@esbuild/android-arm@0.16.6":
  version "0.16.6"
  resolved "https://registry.yarnpkg.com/@esbuild/android-arm/-/android-arm-0.16.6.tgz#450a79c5b04f955106515b0d24d0a428f3b7b468"
  integrity sha512-wc1AyHlFS8eejfAdePn2wr8/5zEa+FvF3ipBeTo4Qm9Xl0A0miTUfphwzXa3xdxU2pHimRCzIAUhjlbSSts8JQ==

"@esbuild/android-x64@0.16.6":
  version "0.16.6"
  resolved "https://registry.yarnpkg.com/@esbuild/android-x64/-/android-x64-0.16.6.tgz#d62788083113d54456c79d8aefb4a8f922ff9100"
  integrity sha512-zqbsOaB908GEO4JyVlkV5a9jjHVk35eR6dd3VvOdbu0u0BufaCblFjslbUP8ARGoLS77TWRe1mBpbcySkyybKQ==

"@esbuild/darwin-arm64@0.16.6":
  version "0.16.6"
  resolved "https://registry.yarnpkg.com/@esbuild/darwin-arm64/-/darwin-arm64-0.16.6.tgz#2d1c78ce0752236fa088fc3cc4e33a4fd3d26c84"
  integrity sha512-uc46Du5AiooWidDIkXeU3HWIuLTzVbYp95slpd9SdDH7FjXWgiiEo7DXzoUoPxGwkUfPgQvvgFKx3TqsYvy68w==

"@esbuild/darwin-x64@0.16.6":
  version "0.16.6"
  resolved "https://registry.yarnpkg.com/@esbuild/darwin-x64/-/darwin-x64-0.16.6.tgz#873b80540e5e8f0d1b87e2a48e7bfaecc097bfc0"
  integrity sha512-ND/o8hoEpXxIOqhRbt73tyvnu3WWA8MeuMAVww0crdubpzzEevH0S8r6uRjrHn1H4etRSmWwTbM3rHul68BJOA==

"@esbuild/freebsd-arm64@0.16.6":
  version "0.16.6"
  resolved "https://registry.yarnpkg.com/@esbuild/freebsd-arm64/-/freebsd-arm64-0.16.6.tgz#3d432d5e9fa17955f1e8b23255a00207f22891c0"
  integrity sha512-mMHz7ePkfVXW5wEhRR0XtoTlXDa5F1hIoxnfoeY+G0wWs4Q3HZgHZrXw3PSO26JnZOxIgyV/OuWIP87nQoWegQ==

"@esbuild/freebsd-x64@0.16.6":
  version "0.16.6"
  resolved "https://registry.yarnpkg.com/@esbuild/freebsd-x64/-/freebsd-x64-0.16.6.tgz#7e892ec08c9a11863e86feff169452f3cde967af"
  integrity sha512-/BneBfb5v+VAqjDLt8Q/5llb7smIEJVPd1afNJDShRfj2qr5nIwh1FJaOjoEWe6I1sucdKJ/EbwOujH+iBkW/g==

"@esbuild/linux-arm64@0.16.6":
  version "0.16.6"
  resolved "https://registry.yarnpkg.com/@esbuild/linux-arm64/-/linux-arm64-0.16.6.tgz#d1e2b0099cb19dce96ef9e4d4b94bc861c9b39cc"
  integrity sha512-1h2EyMOB9X2VfFzBv4/Xo+OcGj3fmZEwvGxOdDRPxSP8ZVQiqc4XesCVur85VjP0MLPC+y7PioDc/uWpwFadFw==

"@esbuild/linux-arm@0.16.6":
  version "0.16.6"
  resolved "https://registry.yarnpkg.com/@esbuild/linux-arm/-/linux-arm-0.16.6.tgz#ecb1543b12c27f7e4c7ad67d5e13d9a08d034e55"
  integrity sha512-hdw0JS24ToFAnWJJbexr62ZRTcl/yJSPeNZR4fAAJY4PcghgQcnp8lO5MdxBe2QCNz3i5WYCoGZcU4+TBJJMDg==

"@esbuild/linux-ia32@0.16.6":
  version "0.16.6"
  resolved "https://registry.yarnpkg.com/@esbuild/linux-ia32/-/linux-ia32-0.16.6.tgz#916c13e4076d03cabbbfaa6735e6c195fe332932"
  integrity sha512-MyBWPjAMAlnkYANHCjeun2QsOn5cY1RxXAqnG0hE+fEmeX/hJK9pj6wQ5QptAew7sKt9flcOLKEB/hn2mr/xUw==

"@esbuild/linux-loong64@0.16.6":
  version "0.16.6"
  resolved "https://registry.yarnpkg.com/@esbuild/linux-loong64/-/linux-loong64-0.16.6.tgz#d337a6cfb132288ac59e1f028be9b16cf4c7d339"
  integrity sha512-wJAE0pZrY47xWRIYkBrOYRKWJ9vE1XBC7PtuGy4/Ii0Au2VRc52A/VxIHwRI0NyQMNRkjOD5PpS/ruhnNx7JNA==

"@esbuild/linux-mips64el@0.16.6":
  version "0.16.6"
  resolved "https://registry.yarnpkg.com/@esbuild/linux-mips64el/-/linux-mips64el-0.16.6.tgz#cfcb7bcae8fbc91d07c93f3c2e26779ddaa7c738"
  integrity sha512-/eR74aTs0dWrg/Y9m0H2iE6rIigkwxsaJlzlSoz6N5JspyARRXutAITveg1wGek4W5LkistZBjEeeyCnC3FT9Q==

"@esbuild/linux-ppc64@0.16.6":
  version "0.16.6"
  resolved "https://registry.yarnpkg.com/@esbuild/linux-ppc64/-/linux-ppc64-0.16.6.tgz#aa2b0fc6ab0dea618f23d13946032d327da7806e"
  integrity sha512-zwIKMrYQzh59ftwiuXREcXwyjvsRNLELOgdIE17CwTnc5Xxj2IR9Gi8NvQcMTquFoGaHOh8O7F2zJ3vU5LQEhA==

"@esbuild/linux-riscv64@0.16.6":
  version "0.16.6"
  resolved "https://registry.yarnpkg.com/@esbuild/linux-riscv64/-/linux-riscv64-0.16.6.tgz#ade24a148fc7ded3a8a042f97a6441beba4f4f96"
  integrity sha512-uqCmZ9GnYcD9Od9fiDYH4TLahw14S6ZgCVrIb1bBBwbAy4pEOPwB73vBX3mnG3ClHv7b5xsOYhCBZkfkoJEgMA==

"@esbuild/linux-s390x@0.16.6":
  version "0.16.6"
  resolved "https://registry.yarnpkg.com/@esbuild/linux-s390x/-/linux-s390x-0.16.6.tgz#b3c051e15f6fd3f9af801aa2cfe2cad0e069e4ea"
  integrity sha512-zt1vo5Zzu1Y+0K64wYIQR1pMVNYDbwDetrWy/4XyD4c+tnZfxGZwzZOmb65LSto8hxAYq5UG6DpHSNJ4zy5F1w==

"@esbuild/linux-x64@0.16.6":
  version "0.16.6"
  resolved "https://registry.yarnpkg.com/@esbuild/linux-x64/-/linux-x64-0.16.6.tgz#49368780003c0f32fc79738d20404e39429fdc48"
  integrity sha512-g2aCp+XjWGbHq57ZUfyWNOMVDKr0flizfOa6BkP9Ezn2BLZ+gibxF+6M6272vfvALFYsbCUY+AyoNxuCVcaKFg==

"@esbuild/netbsd-x64@0.16.6":
  version "0.16.6"
  resolved "https://registry.yarnpkg.com/@esbuild/netbsd-x64/-/netbsd-x64-0.16.6.tgz#2227e9483c5a861bbecd740e525cd9b17dc01c61"
  integrity sha512-q5tKkYilkgNLtp6szs/yXAHJJ4OEjoTRlHHPJtVyDj6AZsdDynrkoFUV98D+CncB9Im5CIRnPmJErb6EDvIR0Q==

"@esbuild/openbsd-x64@0.16.6":
  version "0.16.6"
  resolved "https://registry.yarnpkg.com/@esbuild/openbsd-x64/-/openbsd-x64-0.16.6.tgz#6c6d15c9f5797ce5f9c7bd105b867b8fbdc964b7"
  integrity sha512-dR+DrQ2Dsfia71xKgdUPnf6lc3y4O8qNE4nmhEJHrR7teS0yScspommz28MaIe/8c5IubqPuOY2SYQFSExG55w==

"@esbuild/sunos-x64@0.16.6":
  version "0.16.6"
  resolved "https://registry.yarnpkg.com/@esbuild/sunos-x64/-/sunos-x64-0.16.6.tgz#3ac4275f948653a56d52eca7483f8d683bdd14ca"
  integrity sha512-u0hH+njKsZCz7SHRIIkqnOCWITFL+uLaXB7ro3SSztWcx7iB//Lpg/2lkPZ7sZ1lVpO0nmaHWApZIbvMTCwz1Q==

"@esbuild/win32-arm64@0.16.6":
  version "0.16.6"
  resolved "https://registry.yarnpkg.com/@esbuild/win32-arm64/-/win32-arm64-0.16.6.tgz#8d913e77797c00e05922d46b6f74011bb0655bfd"
  integrity sha512-d+hveGvPLoGQHOKVDWfWSLUFnPtdpzWdtmz3PFq4t/iLg1MMTnPy48TrgC/JFTwcxDgKJdFw6ogTXjYN1tVALw==

"@esbuild/win32-ia32@0.16.6":
  version "0.16.6"
  resolved "https://registry.yarnpkg.com/@esbuild/win32-ia32/-/win32-ia32-0.16.6.tgz#573b4aa7389d1dc87ab1877a8ee19e2e13ad51b0"
  integrity sha512-/e2x2+Gq7afiU9xxw5J0r0DCsfsWY+hmjLNzXh6O/9Kf2kFxyCLKsPyTJmj0jQ0icz5aGlxtueH2Hnm5Rczt/Q==

"@esbuild/win32-x64@0.16.6":
  version "0.16.6"
  resolved "https://registry.yarnpkg.com/@esbuild/win32-x64/-/win32-x64-0.16.6.tgz#26094ac38600cdac049cb320018bc34da9af22c2"
  integrity sha512-BlXuMzOWhAcdLRzE/PQLAAyhItzvL1fRMvbmHV6k09Xiq8rZzFJB/CrfX3ZQI0nKBlfxO4sLN9H9WwK2nLo7Pg==

"@fortawesome/fontawesome-free@^6.4.0":
  version "6.4.0"
  resolved "https://registry.yarnpkg.com/@fortawesome/fontawesome-free/-/fontawesome-free-6.4.0.tgz#1ee0c174e472c84b23cb46c995154dc383e3b4fe"
  integrity sha512-0NyytTlPJwB/BF5LtRV8rrABDbe3TdTXqNB3PdZ+UUUZAEIrdOJdmABqKjt4AXwIoJNaRVVZEXxpNrqvE1GAYQ==

"@hotwired/stimulus-webpack-helpers@^1.0.0":
  version "1.0.1"
  resolved "https://registry.yarnpkg.com/@hotwired/stimulus-webpack-helpers/-/stimulus-webpack-helpers-1.0.1.tgz#4cd74487adeca576c9865ac2b9fe5cb20cef16dd"
  integrity sha512-wa/zupVG0eWxRYJjC1IiPBdt3Lruv0RqGN+/DTMmUWUyMAEB27KXmVY6a8YpUVTM7QwVuaLNGW4EqDgrS2upXQ==

"@hotwired/stimulus@^3.2.1":
  version "3.2.1"
  resolved "https://registry.yarnpkg.com/@hotwired/stimulus/-/stimulus-3.2.1.tgz#e3de23623b0c52c247aba4cd5d530d257008676b"
  integrity sha512-HGlzDcf9vv/EQrMJ5ZG6VWNs8Z/xMN+1o2OhV1gKiSG6CqZt5MCBB1gRg5ILiN3U0jEAxuDTNPRfBcnZBDmupQ==

"@hotwired/turbo-rails@^7.3.0":
  version "7.3.0"
  resolved "https://registry.yarnpkg.com/@hotwired/turbo-rails/-/turbo-rails-7.3.0.tgz#422c21752509f3edcd6c7b2725bbe9e157815f51"
  integrity sha512-fvhO64vp/a2UVQ3jue9WTc2JisMv9XilIC7ViZmXAREVwiQ2S4UC7Go8f9A1j4Xu7DBI6SbFdqILk5ImqVoqyA==
  dependencies:
    "@hotwired/turbo" "^7.3.0"
    "@rails/actioncable" "^7.0"

"@hotwired/turbo@^7.3.0":
  version "7.3.0"
  resolved "https://registry.yarnpkg.com/@hotwired/turbo/-/turbo-7.3.0.tgz#2226000fff1aabda9fd9587474565c9929dbf15d"
  integrity sha512-Dcu+NaSvHLT7EjrDrkEmH4qET2ZJZ5IcCWmNXxNQTBwlnE5tBZfN6WxZ842n5cHV52DH/AKNirbPBtcEXDLW4g==

"@popperjs/core@^2.11.5":
  version "2.11.8"
  resolved "https://registry.yarnpkg.com/@popperjs/core/-/core-2.11.8.tgz#6b79032e760a0899cd4204710beede972a3a185f"
  integrity sha512-P1st0aksCrn9sGZhp8GMYwBnQsbvAWsZAX44oXNNvLHGqAOcoVxmjZiohstwQ7SqKnbR47akdNi+uleWD8+g6A==

"@rails/actioncable@^7.0":
  version "7.0.5"
  resolved "https://registry.yarnpkg.com/@rails/actioncable/-/actioncable-7.0.5.tgz#bbc11203e0d3d5084002abfcf01d621fdf5f3a9d"
  integrity sha512-SOBA2heB9lTw0VYIx8M/ed7inSf4I9sR8OIlJprhgkfQ3WJtrxPJ6DDATR1Z3RYaIR7HlT2Olj08v1lfGIGuHA==

"@rails/ujs@^7.0.5":
  version "7.0.5"
  resolved "https://registry.yarnpkg.com/@rails/ujs/-/ujs-7.0.5.tgz#d35a71fe6ecd4ab88bbe4bc6c2f287c992c2de4c"
  integrity sha512-/wQ6v4DGxhxflPWoLwGkOQoKbtIXx/LsVNKd8shRM+/HXxlVBEb+F5znN99TlxX8e/R3dN6anTPAqA+mfA5YtQ==

anymatch@~3.1.2:
  version "3.1.3"
  resolved "https://registry.yarnpkg.com/anymatch/-/anymatch-3.1.3.tgz#790c58b19ba1720a84205b57c618d5ad8524973e"
  integrity sha512-KMReFUr0B4t+D+OBkjR3KYqvocp2XaSzO55UcB6mgQMd3KbcE+mWTyvVV7D/zsdEbNnV6acZUutkiHQXvTr1Rw==
  dependencies:
    normalize-path "^3.0.0"
    picomatch "^2.0.4"

balanced-match@^1.0.0:
  version "1.0.2"
  resolved "https://registry.yarnpkg.com/balanced-match/-/balanced-match-1.0.2.tgz#e83e3a7e3f300b34cb9d87f615fa0cbf357690ee"
  integrity sha512-3oSeUO0TMV67hN1AmbXsK4yaqU7tjiHlbxRDZOpH0KW9+CeX4bRAaX0Anxt0tx2MrpRpWwQaPwIlISEJhYU5Pw==

binary-extensions@^2.0.0:
  version "2.2.0"
  resolved "https://registry.yarnpkg.com/binary-extensions/-/binary-extensions-2.2.0.tgz#75f502eeaf9ffde42fc98829645be4ea76bd9e2d"
  integrity sha512-jDctJ/IVQbZoJykoeHbhXpOlNBqGNcwXJKJog42E5HDPUwQTSdjCHdihjj0DlnheQ7blbT6dHOafNAiS8ooQKA==

bootstrap@^5.3.0:
  version "5.3.0"
  resolved "https://registry.yarnpkg.com/bootstrap/-/bootstrap-5.3.0.tgz#0718a7cc29040ee8dbf1bd652b896f3436a87c29"
  integrity sha512-UnBV3E3v4STVNQdms6jSGO2CvOkjUMdDAVR2V5N4uCMdaIkaQjbcEAMqRimDHIs4uqBYzDAKCQwCB+97tJgHQw==

brace-expansion@^1.1.7:
  version "1.1.11"
  resolved "https://registry.yarnpkg.com/brace-expansion/-/brace-expansion-1.1.11.tgz#3c7fcbf529d87226f3d2f52b966ff5271eb441dd"
  integrity sha512-iCuPHDFgrHX7H2vEI/5xpz07zSHB00TpugqhmYtVmMO6518mCuRMoOYFldEBl0g187ufozdaHgWKcYFb61qGiA==
  dependencies:
    balanced-match "^1.0.0"
    concat-map "0.0.1"

braces@~3.0.2:
  version "3.0.2"
  resolved "https://registry.yarnpkg.com/braces/-/braces-3.0.2.tgz#3454e1a462ee8d599e236df336cd9ea4f8afe107"
  integrity sha512-b8um+L1RzM3WDSzvhm6gIz1yfTbBt6YTlcEKAvsmqCZZFw46z626lVj9j1yEPW33H5H+lBQpZMP1k8l+78Ha0A==
  dependencies:
    fill-range "^7.0.1"

"chokidar@>=3.0.0 <4.0.0":
  version "3.5.3"
  resolved "https://registry.yarnpkg.com/chokidar/-/chokidar-3.5.3.tgz#1cf37c8707b932bd1af1ae22c0432e2acd1903bd"
  integrity sha512-Dr3sfKRP6oTcjf2JmUmFJfeVMvXBdegxB0iVQ5eb2V10uFJUCAS8OByZdVAyVb8xXNz3GjjTgj9kLWsZTqE6kw==
  dependencies:
    anymatch "~3.1.2"
    braces "~3.0.2"
    glob-parent "~5.1.2"
    is-binary-path "~2.1.0"
    is-glob "~4.0.1"
    normalize-path "~3.0.0"
    readdirp "~3.6.0"
  optionalDependencies:
    fsevents "~2.3.2"

concat-map@0.0.1:
  version "0.0.1"
  resolved "https://registry.yarnpkg.com/concat-map/-/concat-map-0.0.1.tgz#d8a96bd77fd68df7793a73036a3ba0d5405d477b"
  integrity sha512-/Srv4dswyQNBfohGpz9o6Yb3Gz3SrUDqBH5rTuhGR7ahtlbYKnVxw2bCFMRljaA7EXHaXZ8wsHdodFvbkhKmqg==

esbuild-rails@1.0.3:
  version "1.0.3"
  resolved "https://registry.yarnpkg.com/esbuild-rails/-/esbuild-rails-1.0.3.tgz#5b963c4affd9cbac3c3d589141062c4deabd5a19"
  integrity sha512-a/bD6R3/VBynPD/ftQ6OpYNpjdeG2W30jZ1eEHd2aTsZBdK8ppuox3pZBv1M3c7ZPf+RicYM8cpx9MV/mVs2BA==
  dependencies:
    glob "^7.2.0"

esbuild@0.16.6:
  version "0.16.6"
  resolved "https://registry.yarnpkg.com/esbuild/-/esbuild-0.16.6.tgz#6f8aa19d2d41871f420a701e6df309337f6cb953"
  integrity sha512-0Fn9lUX1yy2iP56L0BDAgnQFJfkDICdYZ0Xm6Kgdwa72AkHoKX0egau/ZIROYdjJWPLJtl9bDuW7Xs56TuKPhQ==
  optionalDependencies:
    "@esbuild/android-arm" "0.16.6"
    "@esbuild/android-arm64" "0.16.6"
    "@esbuild/android-x64" "0.16.6"
    "@esbuild/darwin-arm64" "0.16.6"
    "@esbuild/darwin-x64" "0.16.6"
    "@esbuild/freebsd-arm64" "0.16.6"
    "@esbuild/freebsd-x64" "0.16.6"
    "@esbuild/linux-arm" "0.16.6"
    "@esbuild/linux-arm64" "0.16.6"
    "@esbuild/linux-ia32" "0.16.6"
    "@esbuild/linux-loong64" "0.16.6"
    "@esbuild/linux-mips64el" "0.16.6"
    "@esbuild/linux-ppc64" "0.16.6"
    "@esbuild/linux-riscv64" "0.16.6"
    "@esbuild/linux-s390x" "0.16.6"
    "@esbuild/linux-x64" "0.16.6"
    "@esbuild/netbsd-x64" "0.16.6"
    "@esbuild/openbsd-x64" "0.16.6"
    "@esbuild/sunos-x64" "0.16.6"
    "@esbuild/win32-arm64" "0.16.6"
    "@esbuild/win32-ia32" "0.16.6"
    "@esbuild/win32-x64" "0.16.6"

fill-range@^7.0.1:
  version "7.0.1"
  resolved "https://registry.yarnpkg.com/fill-range/-/fill-range-7.0.1.tgz#1919a6a7c75fe38b2c7c77e5198535da9acdda40"
  integrity sha512-qOo9F+dMUmC2Lcb4BbVvnKJxTPjCm+RRpe4gDuGrzkL7mEVl/djYSu2OdQ2Pa302N4oqkSg9ir6jaLWJ2USVpQ==
  dependencies:
    to-regex-range "^5.0.1"

fs.realpath@^1.0.0:
  version "1.0.0"
  resolved "https://registry.yarnpkg.com/fs.realpath/-/fs.realpath-1.0.0.tgz#1504ad2523158caa40db4a2787cb01411994ea4f"
  integrity sha512-OO0pH2lK6a0hZnAdau5ItzHPI6pUlvI7jMVnxUQRtw4owF2wk8lOSabtGDCTP4Ggrg2MbGnWO9X8K1t4+fGMDw==

fsevents@~2.3.2:
  version "2.3.2"
  resolved "https://registry.yarnpkg.com/fsevents/-/fsevents-2.3.2.tgz#8a526f78b8fdf4623b709e0b975c52c24c02fd1a"
  integrity sha512-xiqMQR4xAeHTuB9uWm+fFRcIOgKBMiOBP+eXiyT7jsgVCq1bkVygt00oASowB7EdtpOHaaPgKt812P9ab+DDKA==

glob-parent@~5.1.2:
  version "5.1.2"
  resolved "https://registry.yarnpkg.com/glob-parent/-/glob-parent-5.1.2.tgz#869832c58034fe68a4093c17dc15e8340d8401c4"
  integrity sha512-AOIgSQCepiJYwP3ARnGx+5VnTu2HBYdzbGP45eLw1vr3zB3vZLeyed1sC9hnbcOc9/SrMyM5RPQrkGz4aS9Zow==
  dependencies:
    is-glob "^4.0.1"

glob@^7.2.0:
  version "7.2.3"
  resolved "https://registry.yarnpkg.com/glob/-/glob-7.2.3.tgz#b8df0fb802bbfa8e89bd1d938b4e16578ed44f2b"
  integrity sha512-nFR0zLpU2YCaRxwoCJvL6UvCH2JFyFVIvwTLsIf21AuHlMskA1hhTdk+LlYJtOlYt9v6dvszD2BGRqBL+iQK9Q==
  dependencies:
    fs.realpath "^1.0.0"
    inflight "^1.0.4"
    inherits "2"
    minimatch "^3.1.1"
    once "^1.3.0"
    path-is-absolute "^1.0.0"

immutable@^4.0.0:
  version "4.3.0"
  resolved "https://registry.yarnpkg.com/immutable/-/immutable-4.3.0.tgz#eb1738f14ffb39fd068b1dbe1296117484dd34be"
  integrity sha512-0AOCmOip+xgJwEVTQj1EfiDDOkPmuyllDuTuEX+DDXUgapLAsBIfkg3sxCYyCEA8mQqZrrxPUGjcOQ2JS3WLkg==

inflight@^1.0.4:
  version "1.0.6"
  resolved "https://registry.yarnpkg.com/inflight/-/inflight-1.0.6.tgz#49bd6331d7d02d0c09bc910a1075ba8165b56df9"
  integrity sha512-k92I/b08q4wvFscXCLvqfsHCrjrF7yiXsQuIVvVE7N82W3+aqpzuUdBbfhWcy/FZR3/4IgflMgKLOsvPDrGCJA==
  dependencies:
    once "^1.3.0"
    wrappy "1"

inherits@2:
  version "2.0.4"
  resolved "https://registry.yarnpkg.com/inherits/-/inherits-2.0.4.tgz#0fa2c64f932917c3433a0ded55363aae37416b7c"
  integrity sha512-k/vGaX4/Yla3WzyMCvTQOXYeIHvqOKtnqBduzTHpzpQZzAskKMhZ2K+EnBiSM9zGSoIFeMpXKxa4dYeZIQqewQ==

is-binary-path@~2.1.0:
  version "2.1.0"
  resolved "https://registry.yarnpkg.com/is-binary-path/-/is-binary-path-2.1.0.tgz#ea1f7f3b80f064236e83470f86c09c254fb45b09"
  integrity sha512-ZMERYes6pDydyuGidse7OsHxtbI7WVeUEozgR/g7rd0xUimYNlvZRE/K2MgZTjWy725IfelLeVcEM97mmtRGXw==
  dependencies:
    binary-extensions "^2.0.0"

is-extglob@^2.1.1:
  version "2.1.1"
  resolved "https://registry.yarnpkg.com/is-extglob/-/is-extglob-2.1.1.tgz#a88c02535791f02ed37c76a1b9ea9773c833f8c2"
  integrity sha512-SbKbANkN603Vi4jEZv49LeVJMn4yGwsbzZworEoyEiutsN3nJYdbO36zfhGJ6QEDpOZIFkDtnq5JRxmvl3jsoQ==

is-glob@^4.0.1, is-glob@~4.0.1:
  version "4.0.3"
  resolved "https://registry.yarnpkg.com/is-glob/-/is-glob-4.0.3.tgz#64f61e42cbbb2eec2071a9dac0b28ba1e65d5084"
  integrity sha512-xelSayHH36ZgE7ZWhli7pW34hNbNl8Ojv5KVmkJD4hBdD3th8Tfk9vYasLM+mXWOZhFkgZfxhLSnrwRr4elSSg==
  dependencies:
    is-extglob "^2.1.1"

is-number@^7.0.0:
  version "7.0.0"
  resolved "https://registry.yarnpkg.com/is-number/-/is-number-7.0.0.tgz#7535345b896734d5f80c4d06c50955527a14f12b"
  integrity sha512-41Cifkg6e8TylSpdtTpeLVMqvSBEVzTttHvERD741+pnZ8ANv0004MRL43QKPDlK9cGvNp6NZWZUBlbGXYxxng==

jquery@^3.6.0:
  version "3.7.0"
  resolved "https://registry.yarnpkg.com/jquery/-/jquery-3.7.0.tgz#fe2c01a05da500709006d8790fe21c8a39d75612"
  integrity sha512-umpJ0/k8X0MvD1ds0P9SfowREz2LenHsQaxSohMZ5OMNEU2r0tf8pdeEFTHMFxWVxKNyU9rTtK3CWzUCTKJUeQ==

minimatch@^3.1.1:
  version "3.1.2"
  resolved "https://registry.yarnpkg.com/minimatch/-/minimatch-3.1.2.tgz#19cd194bfd3e428f049a70817c038d89ab4be35b"
  integrity sha512-J7p63hRiAjw1NDEww1W7i37+ByIrOWO5XQQAzZ3VOcL0PNybwpfmV/N05zFAzwQ9USyEcX6t3UO+K5aqBQOIHw==
  dependencies:
    brace-expansion "^1.1.7"

normalize-path@^3.0.0, normalize-path@~3.0.0:
  version "3.0.0"
  resolved "https://registry.yarnpkg.com/normalize-path/-/normalize-path-3.0.0.tgz#0dcd69ff23a1c9b11fd0978316644a0388216a65"
  integrity sha512-6eZs5Ls3WtCisHWp9S2GUy8dqkpGi4BVSz3GaqiE6ezub0512ESztXUwUB6C6IKbQkY2Pnb/mD4WYojCRwcwLA==

once@^1.3.0:
  version "1.4.0"
  resolved "https://registry.yarnpkg.com/once/-/once-1.4.0.tgz#583b1aa775961d4b113ac17d9c50baef9dd76bd1"
  integrity sha512-lNaJgI+2Q5URQBkccEKHTQOPaXdUxnZZElQTZY0MFUAuaEqe1E+Nyvgdz/aIyNi6Z9MzO5dv1H8n58/GELp3+w==
  dependencies:
    wrappy "1"

path-is-absolute@^1.0.0:
  version "1.0.1"
  resolved "https://registry.yarnpkg.com/path-is-absolute/-/path-is-absolute-1.0.1.tgz#174b9268735534ffbc7ace6bf53a5a9e1b5c5f5f"
  integrity sha512-AVbw3UJ2e9bq64vSaS9Am0fje1Pa8pbGqTTsmXfaIiMpnr5DlDhfJOuLj9Sf95ZPVDAUerDfEk88MPmPe7UCQg==

picomatch@^2.0.4, picomatch@^2.2.1:
  version "2.3.1"
  resolved "https://registry.yarnpkg.com/picomatch/-/picomatch-2.3.1.tgz#3ba3833733646d9d3e4995946c1365a67fb07a42"
  integrity sha512-JU3teHTNjmE2VCGFzuY8EXzCDVwEqB2a8fsIvwaStHhAWJEeVd1o1QD80CU6+ZdEXXSLbSsuLwJjkCBWqRQUVA==

readdirp@~3.6.0:
  version "3.6.0"
  resolved "https://registry.yarnpkg.com/readdirp/-/readdirp-3.6.0.tgz#74a370bd857116e245b29cc97340cd431a02a6c7"
  integrity sha512-hOS089on8RduqdbhvQ5Z37A0ESjsqz6qnRcffsMU3495FuTdqSm+7bhJ29JvIOsBDEEnan5DPu9t3To9VRlMzA==
  dependencies:
    picomatch "^2.2.1"

sass@^1.54.3:
  version "1.62.1"
  resolved "https://registry.yarnpkg.com/sass/-/sass-1.62.1.tgz#caa8d6bf098935bc92fc73fa169fb3790cacd029"
  integrity sha512-NHpxIzN29MXvWiuswfc1W3I0N8SXBd8UR26WntmDlRYf0bSADnwnOjsyMZ3lMezSlArD33Vs3YFhp7dWvL770A==
  dependencies:
    chokidar ">=3.0.0 <4.0.0"
    immutable "^4.0.0"
    source-map-js ">=0.6.2 <2.0.0"

"source-map-js@>=0.6.2 <2.0.0":
  version "1.0.2"
  resolved "https://registry.yarnpkg.com/source-map-js/-/source-map-js-1.0.2.tgz#adbc361d9c62df380125e7f161f71c826f1e490c"
  integrity sha512-R0XvVJ9WusLiqTCEiGCmICCMplcCkIwwR11mOSD9CR5u+IXYdiseeEuXCVAjS54zqwkLcPNnmU4OeJ6tUrWhDw==

stimulus@^3.2.1:
  version "3.2.1"
  resolved "https://registry.yarnpkg.com/stimulus/-/stimulus-3.2.1.tgz#bf049a4379ed4ff7475515acce1f0b6fa15a0187"
  integrity sha512-EhpuHnTwtkWrE5m7tQxLBLsi1aE6xJ/9MbB88aKXZSquIC4pCueKJ2AGaF5gq+/BzP7+xvYaVYA0j1dIUuBsgA==
  dependencies:
    "@hotwired/stimulus" "^3.2.1"
    "@hotwired/stimulus-webpack-helpers" "^1.0.0"

to-regex-range@^5.0.1:
  version "5.0.1"
  resolved "https://registry.yarnpkg.com/to-regex-range/-/to-regex-range-5.0.1.tgz#1648c44aae7c8d988a326018ed72f5b4dd0392e4"
  integrity sha512-65P7iz6X5yEr1cwcgvQxbbIw7Uk3gOy5dIdtZ4rDveLqhrdJP+Li/Hx6tyK0NEb+2GCyneCMJiGqrADCSNk8sQ==
  dependencies:
    is-number "^7.0.0"

wrappy@1:
  version "1.0.2"
  resolved "https://registry.yarnpkg.com/wrappy/-/wrappy-1.0.2.tgz#b5243d8f3ec1aa35f1364605bc0d1036e30ab69f"
  integrity sha512-l4Sp/DRseor9wL6EvV2+TuQn63dMkPjZ/sp9XkghTEbV9KlPS1xUsZ3u7/IQO4wxtcFB4bgpQPRcR3QCvezPcQ==
